// !$*UTF8*$!
{
	archiveVersion = 1;
	classes = {
	};
	objectVersion = 46;
	objects = {

/* Begin PBXBuildFile section */
		8627EDCC136D1D7B0093BD59 /* 01-refresh.png in Resources */ = {isa = PBXBuildFile; fileRef = 8627EDC9136D1D7B0093BD59 /* 01-refresh.png */; };
		8627EDCD136D1D7B0093BD59 /* 09-chat-2.png in Resources */ = {isa = PBXBuildFile; fileRef = 8627EDCA136D1D7B0093BD59 /* 09-chat-2.png */; };
		8627EDCE136D1D7B0093BD59 /* 19-gear.png in Resources */ = {isa = PBXBuildFile; fileRef = 8627EDCB136D1D7B0093BD59 /* 19-gear.png */; };
		86B04C30136C0B1600F8BFA1 /* GroupView.m in Sources */ = {isa = PBXBuildFile; fileRef = 86B04C2E136C0B1600F8BFA1 /* GroupView.m */; };
		86B04C31136C0B1600F8BFA1 /* GroupView.xib in Resources */ = {isa = PBXBuildFile; fileRef = 86B04C2F136C0B1600F8BFA1 /* GroupView.xib */; };
		86B04C35136C2F0F00F8BFA1 /* ViewUtil.m in Sources */ = {isa = PBXBuildFile; fileRef = 86B04C34136C2F0F00F8BFA1 /* ViewUtil.m */; };
		86B04C39136C41FF00F8BFA1 /* CommentView.m in Sources */ = {isa = PBXBuildFile; fileRef = 86B04C37136C41FF00F8BFA1 /* CommentView.m */; };
		86B04C3A136C41FF00F8BFA1 /* CommentView.xib in Resources */ = {isa = PBXBuildFile; fileRef = 86B04C38136C41FF00F8BFA1 /* CommentView.xib */; };
		86B04C3C136C4D9600F8BFA1 /* myrooms.png in Resources */ = {isa = PBXBuildFile; fileRef = 86B04C3B136C4D9500F8BFA1 /* myrooms.png */; };
		86CD2351136D385A005AB366 /* test.jpg in Resources */ = {isa = PBXBuildFile; fileRef = 86CD2350136D385A005AB366 /* test.jpg */; };
		86CD2356136D3C53005AB366 /* EditView.m in Sources */ = {isa = PBXBuildFile; fileRef = 86CD2354136D3C53005AB366 /* EditView.m */; };
		86CD2357136D3C53005AB366 /* EditView.xib in Resources */ = {isa = PBXBuildFile; fileRef = 86CD2355136D3C53005AB366 /* EditView.xib */; };
		86CD235B136D52FB005AB366 /* 117-todo.png in Resources */ = {isa = PBXBuildFile; fileRef = 86CD235A136D52FB005AB366 /* 117-todo.png */; };
		86EE1B04136BBAAB00B94192 /* DataFactory.m in Sources */ = {isa = PBXBuildFile; fileRef = 86EE1B03136BBAAB00B94192 /* DataFactory.m */; };
		86EE1B07136BBCB200B94192 /* GroupData.m in Sources */ = {isa = PBXBuildFile; fileRef = 86EE1B06136BBCB200B94192 /* GroupData.m */; };
		86EE1B0B136BD46800B94192 /* RoomView.m in Sources */ = {isa = PBXBuildFile; fileRef = 86EE1B09136BD46700B94192 /* RoomView.m */; };
		86EE1B0C136BD46800B94192 /* RoomView.xib in Resources */ = {isa = PBXBuildFile; fileRef = 86EE1B0A136BD46700B94192 /* RoomView.xib */; };
		86EE1B14136BF4E000B94192 /* EntryData.m in Sources */ = {isa = PBXBuildFile; fileRef = 86EE1B13136BF4E000B94192 /* EntryData.m */; };
		86F85B89136ACEB00031F3B2 /* UIKit.framework in Frameworks */ = {isa = PBXBuildFile; fileRef = 86F85B88136ACEB00031F3B2 /* UIKit.framework */; };
		86F85B8B136ACEB00031F3B2 /* Foundation.framework in Frameworks */ = {isa = PBXBuildFile; fileRef = 86F85B8A136ACEB00031F3B2 /* Foundation.framework */; };
		86F85B8D136ACEB00031F3B2 /* CoreGraphics.framework in Frameworks */ = {isa = PBXBuildFile; fileRef = 86F85B8C136ACEB00031F3B2 /* CoreGraphics.framework */; };
		86F85B93136ACEB10031F3B2 /* InfoPlist.strings in Resources */ = {isa = PBXBuildFile; fileRef = 86F85B91136ACEB10031F3B2 /* InfoPlist.strings */; };
		86F85B96136ACEB10031F3B2 /* main.m in Sources */ = {isa = PBXBuildFile; fileRef = 86F85B95136ACEB10031F3B2 /* main.m */; };
		86F85B99136ACEB10031F3B2 /* CastorAppDelegate.m in Sources */ = {isa = PBXBuildFile; fileRef = 86F85B98136ACEB10031F3B2 /* CastorAppDelegate.m */; };
		86F85B9C136ACEB10031F3B2 /* MainWindow.xib in Resources */ = {isa = PBXBuildFile; fileRef = 86F85B9A136ACEB10031F3B2 /* MainWindow.xib */; };
		86F85B9F136ACEB10031F3B2 /* RootViewController.m in Sources */ = {isa = PBXBuildFile; fileRef = 86F85B9E136ACEB10031F3B2 /* RootViewController.m */; };
		86F85BA2136ACEB10031F3B2 /* RootViewController.xib in Resources */ = {isa = PBXBuildFile; fileRef = 86F85BA0136ACEB10031F3B2 /* RootViewController.xib */; };
		86F85BAB136AD1110031F3B2 /* LoginView.m in Sources */ = {isa = PBXBuildFile; fileRef = 86F85BA9136AD1110031F3B2 /* LoginView.m */; };
		86F85BAC136AD1110031F3B2 /* LoginView.xib in Resources */ = {isa = PBXBuildFile; fileRef = 86F85BAA136AD1110031F3B2 /* LoginView.xib */; };
/* End PBXBuildFile section */

/* Begin PBXFileReference section */
		8627EDC9136D1D7B0093BD59 /* 01-refresh.png */ = {isa = PBXFileReference; lastKnownFileType = image.png; path = "01-refresh.png"; sourceTree = "<group>"; };
		8627EDCA136D1D7B0093BD59 /* 09-chat-2.png */ = {isa = PBXFileReference; lastKnownFileType = image.png; path = "09-chat-2.png"; sourceTree = "<group>"; };
		8627EDCB136D1D7B0093BD59 /* 19-gear.png */ = {isa = PBXFileReference; lastKnownFileType = image.png; path = "19-gear.png"; sourceTree = "<group>"; };
		86B04C2D136C0B1600F8BFA1 /* GroupView.h */ = {isa = PBXFileReference; fileEncoding = 4; lastKnownFileType = sourcecode.c.h; path = GroupView.h; sourceTree = "<group>"; };
		86B04C2E136C0B1600F8BFA1 /* GroupView.m */ = {isa = PBXFileReference; fileEncoding = 4; lastKnownFileType = sourcecode.c.objc; path = GroupView.m; sourceTree = "<group>"; };
		86B04C2F136C0B1600F8BFA1 /* GroupView.xib */ = {isa = PBXFileReference; fileEncoding = 4; lastKnownFileType = file.xib; path = GroupView.xib; sourceTree = "<group>"; };
		86B04C33136C2F0F00F8BFA1 /* ViewUtil.h */ = {isa = PBXFileReference; fileEncoding = 4; lastKnownFileType = sourcecode.c.h; path = ViewUtil.h; sourceTree = "<group>"; };
		86B04C34136C2F0F00F8BFA1 /* ViewUtil.m */ = {isa = PBXFileReference; fileEncoding = 4; lastKnownFileType = sourcecode.c.objc; path = ViewUtil.m; sourceTree = "<group>"; };
		86B04C36136C41FE00F8BFA1 /* CommentView.h */ = {isa = PBXFileReference; fileEncoding = 4; lastKnownFileType = sourcecode.c.h; path = CommentView.h; sourceTree = "<group>"; };
		86B04C37136C41FF00F8BFA1 /* CommentView.m */ = {isa = PBXFileReference; fileEncoding = 4; lastKnownFileType = sourcecode.c.objc; path = CommentView.m; sourceTree = "<group>"; };
		86B04C38136C41FF00F8BFA1 /* CommentView.xib */ = {isa = PBXFileReference; fileEncoding = 4; lastKnownFileType = file.xib; path = CommentView.xib; sourceTree = "<group>"; };
		86B04C3B136C4D9500F8BFA1 /* myrooms.png */ = {isa = PBXFileReference; lastKnownFileType = image.png; path = myrooms.png; sourceTree = "<group>"; };
		86CD2350136D385A005AB366 /* test.jpg */ = {isa = PBXFileReference; lastKnownFileType = image.jpeg; path = test.jpg; sourceTree = "<group>"; };
		86CD2353136D3C53005AB366 /* EditView.h */ = {isa = PBXFileReference; fileEncoding = 4; lastKnownFileType = sourcecode.c.h; path = EditView.h; sourceTree = "<group>"; };
		86CD2354136D3C53005AB366 /* EditView.m */ = {isa = PBXFileReference; fileEncoding = 4; lastKnownFileType = sourcecode.c.objc; path = EditView.m; sourceTree = "<group>"; };
		86CD2355136D3C53005AB366 /* EditView.xib */ = {isa = PBXFileReference; fileEncoding = 4; lastKnownFileType = file.xib; path = EditView.xib; sourceTree = "<group>"; };
		86CD235A136D52FB005AB366 /* 117-todo.png */ = {isa = PBXFileReference; lastKnownFileType = image.png; path = "117-todo.png"; sourceTree = "<group>"; };
		86EE1B02136BBAAB00B94192 /* DataFactory.h */ = {isa = PBXFileReference; fileEncoding = 4; lastKnownFileType = sourcecode.c.h; path = DataFactory.h; sourceTree = "<group>"; };
		86EE1B03136BBAAB00B94192 /* DataFactory.m */ = {isa = PBXFileReference; fileEncoding = 4; lastKnownFileType = sourcecode.c.objc; path = DataFactory.m; sourceTree = "<group>"; };
		86EE1B05136BBCB100B94192 /* GroupData.h */ = {isa = PBXFileReference; fileEncoding = 4; lastKnownFileType = sourcecode.c.h; path = GroupData.h; sourceTree = "<group>"; };
		86EE1B06136BBCB200B94192 /* GroupData.m */ = {isa = PBXFileReference; fileEncoding = 4; lastKnownFileType = sourcecode.c.objc; path = GroupData.m; sourceTree = "<group>"; };
		86EE1B08136BD46700B94192 /* RoomView.h */ = {isa = PBXFileReference; fileEncoding = 4; lastKnownFileType = sourcecode.c.h; path = RoomView.h; sourceTree = "<group>"; };
		86EE1B09136BD46700B94192 /* RoomView.m */ = {isa = PBXFileReference; fileEncoding = 4; lastKnownFileType = sourcecode.c.objc; path = RoomView.m; sourceTree = "<group>"; };
		86EE1B0A136BD46700B94192 /* RoomView.xib */ = {isa = PBXFileReference; fileEncoding = 4; lastKnownFileType = file.xib; path = RoomView.xib; sourceTree = "<group>"; };
		86EE1B12136BF4DF00B94192 /* EntryData.h */ = {isa = PBXFileReference; fileEncoding = 4; lastKnownFileType = sourcecode.c.h; path = EntryData.h; sourceTree = "<group>"; };
		86EE1B13136BF4E000B94192 /* EntryData.m */ = {isa = PBXFileReference; fileEncoding = 4; lastKnownFileType = sourcecode.c.objc; path = EntryData.m; sourceTree = "<group>"; };
		86F85B84136ACEB00031F3B2 /* Castor.app */ = {isa = PBXFileReference; explicitFileType = wrapper.application; includeInIndex = 0; path = Castor.app; sourceTree = BUILT_PRODUCTS_DIR; };
		86F85B88136ACEB00031F3B2 /* UIKit.framework */ = {isa = PBXFileReference; lastKnownFileType = wrapper.framework; name = UIKit.framework; path = System/Library/Frameworks/UIKit.framework; sourceTree = SDKROOT; };
		86F85B8A136ACEB00031F3B2 /* Foundation.framework */ = {isa = PBXFileReference; lastKnownFileType = wrapper.framework; name = Foundation.framework; path = System/Library/Frameworks/Foundation.framework; sourceTree = SDKROOT; };
		86F85B8C136ACEB00031F3B2 /* CoreGraphics.framework */ = {isa = PBXFileReference; lastKnownFileType = wrapper.framework; name = CoreGraphics.framework; path = System/Library/Frameworks/CoreGraphics.framework; sourceTree = SDKROOT; };
		86F85B90136ACEB10031F3B2 /* Castor-Info.plist */ = {isa = PBXFileReference; lastKnownFileType = text.plist.xml; path = "Castor-Info.plist"; sourceTree = "<group>"; };
		86F85B92136ACEB10031F3B2 /* en */ = {isa = PBXFileReference; lastKnownFileType = text.plist.strings; name = en; path = en.lproj/InfoPlist.strings; sourceTree = "<group>"; };
		86F85B94136ACEB10031F3B2 /* Castor-Prefix.pch */ = {isa = PBXFileReference; lastKnownFileType = sourcecode.c.h; path = "Castor-Prefix.pch"; sourceTree = "<group>"; };
		86F85B95136ACEB10031F3B2 /* main.m */ = {isa = PBXFileReference; lastKnownFileType = sourcecode.c.objc; path = main.m; sourceTree = "<group>"; };
		86F85B97136ACEB10031F3B2 /* CastorAppDelegate.h */ = {isa = PBXFileReference; lastKnownFileType = sourcecode.c.h; path = CastorAppDelegate.h; sourceTree = "<group>"; };
		86F85B98136ACEB10031F3B2 /* CastorAppDelegate.m */ = {isa = PBXFileReference; lastKnownFileType = sourcecode.c.objc; path = CastorAppDelegate.m; sourceTree = "<group>"; };
		86F85B9B136ACEB10031F3B2 /* en */ = {isa = PBXFileReference; lastKnownFileType = file.xib; name = en; path = en.lproj/MainWindow.xib; sourceTree = "<group>"; };
		86F85B9D136ACEB10031F3B2 /* RootViewController.h */ = {isa = PBXFileReference; lastKnownFileType = sourcecode.c.h; path = RootViewController.h; sourceTree = "<group>"; };
		86F85B9E136ACEB10031F3B2 /* RootViewController.m */ = {isa = PBXFileReference; lastKnownFileType = sourcecode.c.objc; path = RootViewController.m; sourceTree = "<group>"; };
		86F85BA1136ACEB10031F3B2 /* en */ = {isa = PBXFileReference; lastKnownFileType = file.xib; name = en; path = en.lproj/RootViewController.xib; sourceTree = "<group>"; };
		86F85BA8136AD1110031F3B2 /* LoginView.h */ = {isa = PBXFileReference; fileEncoding = 4; lastKnownFileType = sourcecode.c.h; path = LoginView.h; sourceTree = "<group>"; };
		86F85BA9136AD1110031F3B2 /* LoginView.m */ = {isa = PBXFileReference; fileEncoding = 4; lastKnownFileType = sourcecode.c.objc; path = LoginView.m; sourceTree = "<group>"; };
		86F85BAA136AD1110031F3B2 /* LoginView.xib */ = {isa = PBXFileReference; fileEncoding = 4; lastKnownFileType = file.xib; path = LoginView.xib; sourceTree = "<group>"; };
/* End PBXFileReference section */

/* Begin PBXFrameworksBuildPhase section */
		86F85B81136ACEB00031F3B2 /* Frameworks */ = {
			isa = PBXFrameworksBuildPhase;
			buildActionMask = 2147483647;
			files = (
				86F85B89136ACEB00031F3B2 /* UIKit.framework in Frameworks */,
				86F85B8B136ACEB00031F3B2 /* Foundation.framework in Frameworks */,
				86F85B8D136ACEB00031F3B2 /* CoreGraphics.framework in Frameworks */,
			);
			runOnlyForDeploymentPostprocessing = 0;
		};
/* End PBXFrameworksBuildPhase section */

/* Begin PBXGroup section */
		86F85B79136ACEB00031F3B2 = {
			isa = PBXGroup;
			children = (
				86F85B8E136ACEB00031F3B2 /* Castor */,
				86F85B87136ACEB00031F3B2 /* Frameworks */,
				86F85B85136ACEB00031F3B2 /* Products */,
			);
			sourceTree = "<group>";
		};
		86F85B85136ACEB00031F3B2 /* Products */ = {
			isa = PBXGroup;
			children = (
				86F85B84136ACEB00031F3B2 /* Castor.app */,
			);
			name = Products;
			sourceTree = "<group>";
		};
		86F85B87136ACEB00031F3B2 /* Frameworks */ = {
			isa = PBXGroup;
			children = (
				86F85B88136ACEB00031F3B2 /* UIKit.framework */,
				86F85B8A136ACEB00031F3B2 /* Foundation.framework */,
				86F85B8C136ACEB00031F3B2 /* CoreGraphics.framework */,
			);
			name = Frameworks;
			sourceTree = "<group>";
		};
		86F85B8E136ACEB00031F3B2 /* Castor */ = {
			isa = PBXGroup;
			children = (
				86CD235A136D52FB005AB366 /* 117-todo.png */,
				86CD2350136D385A005AB366 /* test.jpg */,
				8627EDC9136D1D7B0093BD59 /* 01-refresh.png */,
				8627EDCA136D1D7B0093BD59 /* 09-chat-2.png */,
				8627EDCB136D1D7B0093BD59 /* 19-gear.png */,
				86B04C3B136C4D9500F8BFA1 /* myrooms.png */,
				86F85B8F136ACEB00031F3B2 /* Supporting Files */,
				86F85B97136ACEB10031F3B2 /* CastorAppDelegate.h */,
				86F85B98136ACEB10031F3B2 /* CastorAppDelegate.m */,
				86F85B9A136ACEB10031F3B2 /* MainWindow.xib */,
				86F85B9D136ACEB10031F3B2 /* RootViewController.h */,
				86F85B9E136ACEB10031F3B2 /* RootViewController.m */,
				86F85BA0136ACEB10031F3B2 /* RootViewController.xib */,
				86F85BA8136AD1110031F3B2 /* LoginView.h */,
				86F85BA9136AD1110031F3B2 /* LoginView.m */,
				86F85BAA136AD1110031F3B2 /* LoginView.xib */,
				86B04C2D136C0B1600F8BFA1 /* GroupView.h */,
				86B04C2E136C0B1600F8BFA1 /* GroupView.m */,
				86B04C2F136C0B1600F8BFA1 /* GroupView.xib */,
				86EE1B08136BD46700B94192 /* RoomView.h */,
				86EE1B09136BD46700B94192 /* RoomView.m */,
				86EE1B0A136BD46700B94192 /* RoomView.xib */,
				86B04C36136C41FE00F8BFA1 /* CommentView.h */,
				86B04C37136C41FF00F8BFA1 /* CommentView.m */,
				86B04C38136C41FF00F8BFA1 /* CommentView.xib */,
				86CD2353136D3C53005AB366 /* EditView.h */,
				86CD2354136D3C53005AB366 /* EditView.m */,
				86CD2355136D3C53005AB366 /* EditView.xib */,
				86B04C33136C2F0F00F8BFA1 /* ViewUtil.h */,
				86B04C34136C2F0F00F8BFA1 /* ViewUtil.m */,
				86EE1B02136BBAAB00B94192 /* DataFactory.h */,
				86EE1B03136BBAAB00B94192 /* DataFactory.m */,
				86EE1B05136BBCB100B94192 /* GroupData.h */,
				86EE1B06136BBCB200B94192 /* GroupData.m */,
				86EE1B12136BF4DF00B94192 /* EntryData.h */,
				86EE1B13136BF4E000B94192 /* EntryData.m */,
			);
			path = Castor;
			sourceTree = "<group>";
		};
		86F85B8F136ACEB00031F3B2 /* Supporting Files */ = {
			isa = PBXGroup;
			children = (
				86F85B90136ACEB10031F3B2 /* Castor-Info.plist */,
				86F85B91136ACEB10031F3B2 /* InfoPlist.strings */,
				86F85B94136ACEB10031F3B2 /* Castor-Prefix.pch */,
				86F85B95136ACEB10031F3B2 /* main.m */,
			);
			name = "Supporting Files";
			sourceTree = "<group>";
		};
/* End PBXGroup section */

/* Begin PBXNativeTarget section */
		86F85B83136ACEB00031F3B2 /* Castor */ = {
			isa = PBXNativeTarget;
			buildConfigurationList = 86F85BA5136ACEB10031F3B2 /* Build configuration list for PBXNativeTarget "Castor" */;
			buildPhases = (
				86F85B80136ACEB00031F3B2 /* Sources */,
				86F85B81136ACEB00031F3B2 /* Frameworks */,
				86F85B82136ACEB00031F3B2 /* Resources */,
			);
			buildRules = (
			);
			dependencies = (
			);
			name = Castor;
			productName = Castor;
			productReference = 86F85B84136ACEB00031F3B2 /* Castor.app */;
			productType = "com.apple.product-type.application";
		};
/* End PBXNativeTarget section */

/* Begin PBXProject section */
		86F85B7B136ACEB00031F3B2 /* Project object */ = {
			isa = PBXProject;
			buildConfigurationList = 86F85B7E136ACEB00031F3B2 /* Build configuration list for PBXProject "Castor" */;
			compatibilityVersion = "Xcode 3.2";
			developmentRegion = English;
			hasScannedForEncodings = 0;
			knownRegions = (
				en,
			);
			mainGroup = 86F85B79136ACEB00031F3B2;
			productRefGroup = 86F85B85136ACEB00031F3B2 /* Products */;
			projectDirPath = "";
			projectRoot = "";
			targets = (
				86F85B83136ACEB00031F3B2 /* Castor */,
			);
		};
/* End PBXProject section */

/* Begin PBXResourcesBuildPhase section */
		86F85B82136ACEB00031F3B2 /* Resources */ = {
			isa = PBXResourcesBuildPhase;
			buildActionMask = 2147483647;
			files = (
				86F85B93136ACEB10031F3B2 /* InfoPlist.strings in Resources */,
				86F85B9C136ACEB10031F3B2 /* MainWindow.xib in Resources */,
				86F85BA2136ACEB10031F3B2 /* RootViewController.xib in Resources */,
				86F85BAC136AD1110031F3B2 /* LoginView.xib in Resources */,
				86EE1B0C136BD46800B94192 /* RoomView.xib in Resources */,
				86B04C31136C0B1600F8BFA1 /* GroupView.xib in Resources */,
				86B04C3A136C41FF00F8BFA1 /* CommentView.xib in Resources */,
				86B04C3C136C4D9600F8BFA1 /* myrooms.png in Resources */,
				8627EDCC136D1D7B0093BD59 /* 01-refresh.png in Resources */,
				8627EDCD136D1D7B0093BD59 /* 09-chat-2.png in Resources */,
				8627EDCE136D1D7B0093BD59 /* 19-gear.png in Resources */,
				86CD2351136D385A005AB366 /* test.jpg in Resources */,
				86CD2357136D3C53005AB366 /* EditView.xib in Resources */,
				86CD235B136D52FB005AB366 /* 117-todo.png in Resources */,
			);
			runOnlyForDeploymentPostprocessing = 0;
		};
/* End PBXResourcesBuildPhase section */

/* Begin PBXSourcesBuildPhase section */
		86F85B80136ACEB00031F3B2 /* Sources */ = {
			isa = PBXSourcesBuildPhase;
			buildActionMask = 2147483647;
			files = (
				86F85B96136ACEB10031F3B2 /* main.m in Sources */,
				86F85B99136ACEB10031F3B2 /* CastorAppDelegate.m in Sources */,
				86F85B9F136ACEB10031F3B2 /* RootViewController.m in Sources */,
				86F85BAB136AD1110031F3B2 /* LoginView.m in Sources */,
				86EE1B04136BBAAB00B94192 /* DataFactory.m in Sources */,
				86EE1B07136BBCB200B94192 /* GroupData.m in Sources */,
				86EE1B0B136BD46800B94192 /* RoomView.m in Sources */,
				86EE1B14136BF4E000B94192 /* EntryData.m in Sources */,
				86B04C30136C0B1600F8BFA1 /* GroupView.m in Sources */,
				86B04C35136C2F0F00F8BFA1 /* ViewUtil.m in Sources */,
				86B04C39136C41FF00F8BFA1 /* CommentView.m in Sources */,
				86CD2356136D3C53005AB366 /* EditView.m in Sources */,
			);
			runOnlyForDeploymentPostprocessing = 0;
		};
/* End PBXSourcesBuildPhase section */

/* Begin PBXVariantGroup section */
		86F85B91136ACEB10031F3B2 /* InfoPlist.strings */ = {
			isa = PBXVariantGroup;
			children = (
				86F85B92136ACEB10031F3B2 /* en */,
			);
			name = InfoPlist.strings;
			sourceTree = "<group>";
		};
		86F85B9A136ACEB10031F3B2 /* MainWindow.xib */ = {
			isa = PBXVariantGroup;
			children = (
				86F85B9B136ACEB10031F3B2 /* en */,
			);
			name = MainWindow.xib;
			sourceTree = "<group>";
		};
		86F85BA0136ACEB10031F3B2 /* RootViewController.xib */ = {
			isa = PBXVariantGroup;
			children = (
				86F85BA1136ACEB10031F3B2 /* en */,
			);
			name = RootViewController.xib;
			sourceTree = "<group>";
		};
/* End PBXVariantGroup section */

/* Begin XCBuildConfiguration section */
		86F85BA3136ACEB10031F3B2 /* Debug */ = {
			isa = XCBuildConfiguration;
			buildSettings = {
				ARCHS = "$(ARCHS_STANDARD_32_BIT)";
				"CODE_SIGN_IDENTITY[sdk=iphoneos*]" = "iPhone Developer";
				GCC_C_LANGUAGE_STANDARD = gnu99;
				GCC_OPTIMIZATION_LEVEL = 0;
				GCC_PREPROCESSOR_DEFINITIONS = DEBUG;
				GCC_SYMBOLS_PRIVATE_EXTERN = NO;
				GCC_VERSION = com.apple.compilers.llvmgcc42;
				GCC_WARN_ABOUT_RETURN_TYPE = YES;
				GCC_WARN_UNUSED_VARIABLE = YES;
				IPHONEOS_DEPLOYMENT_TARGET = 4.1;
				SDKROOT = iphoneos;
			};
			name = Debug;
		};
		86F85BA4136ACEB10031F3B2 /* Release */ = {
			isa = XCBuildConfiguration;
			buildSettings = {
				ARCHS = "$(ARCHS_STANDARD_32_BIT)";
				"CODE_SIGN_IDENTITY[sdk=iphoneos*]" = "iPhone Developer";
				GCC_C_LANGUAGE_STANDARD = gnu99;
				GCC_VERSION = com.apple.compilers.llvmgcc42;
				GCC_WARN_ABOUT_RETURN_TYPE = YES;
				GCC_WARN_UNUSED_VARIABLE = YES;
				IPHONEOS_DEPLOYMENT_TARGET = 4.1;
				OTHER_CFLAGS = "-DNS_BLOCK_ASSERTIONS=1";
				SDKROOT = iphoneos;
			};
			name = Release;
		};
		86F85BA6136ACEB10031F3B2 /* Debug */ = {
			isa = XCBuildConfiguration;
			buildSettings = {
				ALWAYS_SEARCH_USER_PATHS = NO;
				COPY_PHASE_STRIP = NO;
				GCC_DYNAMIC_NO_PIC = NO;
				GCC_PRECOMPILE_PREFIX_HEADER = YES;
				GCC_PREFIX_HEADER = "Castor/Castor-Prefix.pch";
				INFOPLIST_FILE = "Castor/Castor-Info.plist";
				IPHONEOS_DEPLOYMENT_TARGET = 4.1;
				PRODUCT_NAME = "$(TARGET_NAME)";
				WRAPPER_EXTENSION = app;
			};
			name = Debug;
		};
		86F85BA7136ACEB10031F3B2 /* Release */ = {
			isa = XCBuildConfiguration;
			buildSettings = {
				ALWAYS_SEARCH_USER_PATHS = NO;
				COPY_PHASE_STRIP = YES;
				GCC_PRECOMPILE_PREFIX_HEADER = YES;
				GCC_PREFIX_HEADER = "Castor/Castor-Prefix.pch";
				INFOPLIST_FILE = "Castor/Castor-Info.plist";
				IPHONEOS_DEPLOYMENT_TARGET = 4.1;
				PRODUCT_NAME = "$(TARGET_NAME)";
				VALIDATE_PRODUCT = YES;
				WRAPPER_EXTENSION = app;
			};
			name = Release;
		};
/* End XCBuildConfiguration section */

/* Begin XCConfigurationList section */
		86F85B7E136ACEB00031F3B2 /* Build configuration list for PBXProject "Castor" */ = {
			isa = XCConfigurationList;
			buildConfigurations = (
				86F85BA3136ACEB10031F3B2 /* Debug */,
				86F85BA4136ACEB10031F3B2 /* Release */,
			);
			defaultConfigurationIsVisible = 0;
			defaultConfigurationName = Release;
		};
		86F85BA5136ACEB10031F3B2 /* Build configuration list for PBXNativeTarget "Castor" */ = {
			isa = XCConfigurationList;
			buildConfigurations = (
				86F85BA6136ACEB10031F3B2 /* Debug */,
				86F85BA7136ACEB10031F3B2 /* Release */,
			);
			defaultConfigurationIsVisible = 0;
			defaultConfigurationName = Release;
		};
/* End XCConfigurationList section */
	};
	rootObject = 86F85B7B136ACEB00031F3B2 /* Project object */;
}
