// !$*UTF8*$!
{
	archiveVersion = 1;
	classes = {
	};
	objectVersion = 46;
	objects = {

/* Begin PBXBuildFile section */
		860620341370F3B400E6A841 /* YouRoomGateway.m in Sources */ = {isa = PBXBuildFile; fileRef = 860620331370F3B400E6A841 /* YouRoomGateway.m */; };
		86062038137103D200E6A841 /* SettingView.m in Sources */ = {isa = PBXBuildFile; fileRef = 86062036137103D100E6A841 /* SettingView.m */; };
		86062039137103D200E6A841 /* SettingView.xib in Resources */ = {isa = PBXBuildFile; fileRef = 86062037137103D100E6A841 /* SettingView.xib */; };
		8614C63E1374F95100AFBC39 /* database.sqlite in Resources */ = {isa = PBXBuildFile; fileRef = 8614C63D1374F95100AFBC39 /* database.sqlite */; };
		8614C6401375335100AFBC39 /* README in Resources */ = {isa = PBXBuildFile; fileRef = 8614C63F1375335000AFBC39 /* README */; };
		865DD8921373916F0008EB9F /* create_table.sql in Resources */ = {isa = PBXBuildFile; fileRef = 865DD8901373916F0008EB9F /* create_table.sql */; };
		865DD895137392C10008EB9F /* libsqlite3.dylib in Frameworks */ = {isa = PBXBuildFile; fileRef = 865DD894137392C10008EB9F /* libsqlite3.dylib */; };
		865DD8981373981A0008EB9F /* CacheManager.m in Sources */ = {isa = PBXBuildFile; fileRef = 865DD8971373981A0008EB9F /* CacheManager.m */; };
		86628E6E136D543100C86AFB /* LongTextView.m in Sources */ = {isa = PBXBuildFile; fileRef = 86628E6C136D543100C86AFB /* LongTextView.m */; };
		86628E6F136D543100C86AFB /* LongTextView.xib in Resources */ = {isa = PBXBuildFile; fileRef = 86628E6D136D543100C86AFB /* LongTextView.xib */; };
		86628E74136D5C7800C86AFB /* ImageView.m in Sources */ = {isa = PBXBuildFile; fileRef = 86628E72136D5C7800C86AFB /* ImageView.m */; };
		86628E75136D5C7800C86AFB /* ImageView.xib in Resources */ = {isa = PBXBuildFile; fileRef = 86628E73136D5C7800C86AFB /* ImageView.xib */; };
		86B04C30136C0B1600F8BFA1 /* GroupView.m in Sources */ = {isa = PBXBuildFile; fileRef = 86B04C2E136C0B1600F8BFA1 /* GroupView.m */; };
		86B04C31136C0B1600F8BFA1 /* GroupView.xib in Resources */ = {isa = PBXBuildFile; fileRef = 86B04C2F136C0B1600F8BFA1 /* GroupView.xib */; };
		86B04C35136C2F0F00F8BFA1 /* ViewUtil.m in Sources */ = {isa = PBXBuildFile; fileRef = 86B04C34136C2F0F00F8BFA1 /* ViewUtil.m */; };
		86B04C39136C41FF00F8BFA1 /* CommentView.m in Sources */ = {isa = PBXBuildFile; fileRef = 86B04C37136C41FF00F8BFA1 /* CommentView.m */; };
		86B04C3A136C41FF00F8BFA1 /* CommentView.xib in Resources */ = {isa = PBXBuildFile; fileRef = 86B04C38136C41FF00F8BFA1 /* CommentView.xib */; };
		86CD2356136D3C53005AB366 /* EditView.m in Sources */ = {isa = PBXBuildFile; fileRef = 86CD2354136D3C53005AB366 /* EditView.m */; };
		86CD2357136D3C53005AB366 /* EditView.xib in Resources */ = {isa = PBXBuildFile; fileRef = 86CD2355136D3C53005AB366 /* EditView.xib */; };
		86DA6C67137131E100DD923D /* YouRoomGateway+ConsumerKey.m in Sources */ = {isa = PBXBuildFile; fileRef = 86DA6C66137131E100DD923D /* YouRoomGateway+ConsumerKey.m */; };
		86DA6C6F1371592600DD923D /* 01-refresh.png in Resources */ = {isa = PBXBuildFile; fileRef = 86DA6C691371592600DD923D /* 01-refresh.png */; };
		86DA6C701371592600DD923D /* 09-chat-2.png in Resources */ = {isa = PBXBuildFile; fileRef = 86DA6C6A1371592600DD923D /* 09-chat-2.png */; };
		86DA6C711371592600DD923D /* 117-todo.png in Resources */ = {isa = PBXBuildFile; fileRef = 86DA6C6B1371592600DD923D /* 117-todo.png */; };
		86DA6C721371592600DD923D /* 19-gear.png in Resources */ = {isa = PBXBuildFile; fileRef = 86DA6C6C1371592600DD923D /* 19-gear.png */; };
		86DA6C731371592600DD923D /* myrooms.png in Resources */ = {isa = PBXBuildFile; fileRef = 86DA6C6D1371592600DD923D /* myrooms.png */; };
		86DA6C741371592600DD923D /* test.jpg in Resources */ = {isa = PBXBuildFile; fileRef = 86DA6C6E1371592600DD923D /* test.jpg */; };
		86DA6CBF13715ACC00DD923D /* NSObject+JSON.m in Sources */ = {isa = PBXBuildFile; fileRef = 86DA6CAD13715ACC00DD923D /* NSObject+JSON.m */; };
		86DA6CC013715ACC00DD923D /* SBJsonParser.m in Sources */ = {isa = PBXBuildFile; fileRef = 86DA6CB013715ACC00DD923D /* SBJsonParser.m */; };
		86DA6CC113715ACC00DD923D /* SBJsonStreamParser.m in Sources */ = {isa = PBXBuildFile; fileRef = 86DA6CB213715ACC00DD923D /* SBJsonStreamParser.m */; };
		86DA6CC213715ACC00DD923D /* SBJsonStreamParserAdapter.m in Sources */ = {isa = PBXBuildFile; fileRef = 86DA6CB413715ACC00DD923D /* SBJsonStreamParserAdapter.m */; };
		86DA6CC313715ACC00DD923D /* SBJsonStreamParserState.m in Sources */ = {isa = PBXBuildFile; fileRef = 86DA6CB613715ACC00DD923D /* SBJsonStreamParserState.m */; };
		86DA6CC413715ACC00DD923D /* SBJsonStreamWriter.m in Sources */ = {isa = PBXBuildFile; fileRef = 86DA6CB813715ACC00DD923D /* SBJsonStreamWriter.m */; };
		86DA6CC513715ACC00DD923D /* SBJsonStreamWriterState.m in Sources */ = {isa = PBXBuildFile; fileRef = 86DA6CBA13715ACC00DD923D /* SBJsonStreamWriterState.m */; };
		86DA6CC613715ACC00DD923D /* SBJsonTokeniser.m in Sources */ = {isa = PBXBuildFile; fileRef = 86DA6CBC13715ACC00DD923D /* SBJsonTokeniser.m */; };
		86DA6CC713715ACC00DD923D /* SBJsonWriter.m in Sources */ = {isa = PBXBuildFile; fileRef = 86DA6CBE13715ACC00DD923D /* SBJsonWriter.m */; };
		86DA6CCE13715AD700DD923D /* NSData+Base64.m in Sources */ = {isa = PBXBuildFile; fileRef = 86DA6CC913715AD700DD923D /* NSData+Base64.m */; };
		86DA6CCF13715AD700DD923D /* OAuth+Additions.m in Sources */ = {isa = PBXBuildFile; fileRef = 86DA6CCB13715AD700DD923D /* OAuth+Additions.m */; };
		86DA6CD013715AD700DD923D /* OAuthCore.m in Sources */ = {isa = PBXBuildFile; fileRef = 86DA6CCD13715AD700DD923D /* OAuthCore.m */; };
		86EE1B04136BBAAB00B94192 /* DataFactory.m in Sources */ = {isa = PBXBuildFile; fileRef = 86EE1B03136BBAAB00B94192 /* DataFactory.m */; };
		86EE1B07136BBCB200B94192 /* RoomData.m in Sources */ = {isa = PBXBuildFile; fileRef = 86EE1B06136BBCB200B94192 /* RoomData.m */; };
		86EE1B0B136BD46800B94192 /* RoomView.m in Sources */ = {isa = PBXBuildFile; fileRef = 86EE1B09136BD46700B94192 /* RoomView.m */; };
		86EE1B0C136BD46800B94192 /* RoomView.xib in Resources */ = {isa = PBXBuildFile; fileRef = 86EE1B0A136BD46700B94192 /* RoomView.xib */; };
		86EE1B14136BF4E000B94192 /* EntryData.m in Sources */ = {isa = PBXBuildFile; fileRef = 86EE1B13136BF4E000B94192 /* EntryData.m */; };
		86F85B89136ACEB00031F3B2 /* UIKit.framework in Frameworks */ = {isa = PBXBuildFile; fileRef = 86F85B88136ACEB00031F3B2 /* UIKit.framework */; };
		86F85B8B136ACEB00031F3B2 /* Foundation.framework in Frameworks */ = {isa = PBXBuildFile; fileRef = 86F85B8A136ACEB00031F3B2 /* Foundation.framework */; };
		86F85B8D136ACEB00031F3B2 /* CoreGraphics.framework in Frameworks */ = {isa = PBXBuildFile; fileRef = 86F85B8C136ACEB00031F3B2 /* CoreGraphics.framework */; };
		86F85B93136ACEB10031F3B2 /* InfoPlist.strings in Resources */ = {isa = PBXBuildFile; fileRef = 86F85B91136ACEB10031F3B2 /* InfoPlist.strings */; };
		86F85B96136ACEB10031F3B2 /* main.m in Sources */ = {isa = PBXBuildFile; fileRef = 86F85B95136ACEB10031F3B2 /* main.m */; };
		86F85B99136ACEB10031F3B2 /* CastorAppDelegate.m in Sources */ = {isa = PBXBuildFile; fileRef = 86F85B98136ACEB10031F3B2 /* CastorAppDelegate.m */; };
		86F85B9C136ACEB10031F3B2 /* MainWindow.xib in Resources */ = {isa = PBXBuildFile; fileRef = 86F85B9A136ACEB10031F3B2 /* MainWindow.xib */; };
		86F85B9F136ACEB10031F3B2 /* RootViewController.m in Sources */ = {isa = PBXBuildFile; fileRef = 86F85B9E136ACEB10031F3B2 /* RootViewController.m */; };
		86F85BA2136ACEB10031F3B2 /* RootViewController.xib in Resources */ = {isa = PBXBuildFile; fileRef = 86F85BA0136ACEB10031F3B2 /* RootViewController.xib */; };
		86F85BAB136AD1110031F3B2 /* LoginView.m in Sources */ = {isa = PBXBuildFile; fileRef = 86F85BA9136AD1110031F3B2 /* LoginView.m */; };
		86F85BAC136AD1110031F3B2 /* LoginView.xib in Resources */ = {isa = PBXBuildFile; fileRef = 86F85BAA136AD1110031F3B2 /* LoginView.xib */; };
/* End PBXBuildFile section */

/* Begin PBXFileReference section */
		860620321370F3B300E6A841 /* YouRoomGateway.h */ = {isa = PBXFileReference; fileEncoding = 4; lastKnownFileType = sourcecode.c.h; path = YouRoomGateway.h; sourceTree = "<group>"; };
		860620331370F3B400E6A841 /* YouRoomGateway.m */ = {isa = PBXFileReference; fileEncoding = 4; lastKnownFileType = sourcecode.c.objc; path = YouRoomGateway.m; sourceTree = "<group>"; };
		86062035137103D100E6A841 /* SettingView.h */ = {isa = PBXFileReference; fileEncoding = 4; lastKnownFileType = sourcecode.c.h; path = SettingView.h; sourceTree = "<group>"; };
		86062036137103D100E6A841 /* SettingView.m */ = {isa = PBXFileReference; fileEncoding = 4; lastKnownFileType = sourcecode.c.objc; path = SettingView.m; sourceTree = "<group>"; };
		86062037137103D100E6A841 /* SettingView.xib */ = {isa = PBXFileReference; fileEncoding = 4; lastKnownFileType = file.xib; path = SettingView.xib; sourceTree = "<group>"; };
		8614C63D1374F95100AFBC39 /* database.sqlite */ = {isa = PBXFileReference; lastKnownFileType = file; path = database.sqlite; sourceTree = "<group>"; };
		8614C63F1375335000AFBC39 /* README */ = {isa = PBXFileReference; fileEncoding = 4; lastKnownFileType = text; path = README; sourceTree = "<group>"; };
		865DD8901373916F0008EB9F /* create_table.sql */ = {isa = PBXFileReference; fileEncoding = 4; lastKnownFileType = text; path = create_table.sql; sourceTree = "<group>"; };
		865DD894137392C10008EB9F /* libsqlite3.dylib */ = {isa = PBXFileReference; lastKnownFileType = "compiled.mach-o.dylib"; name = libsqlite3.dylib; path = usr/lib/libsqlite3.dylib; sourceTree = SDKROOT; };
		865DD8961373981A0008EB9F /* CacheManager.h */ = {isa = PBXFileReference; fileEncoding = 4; lastKnownFileType = sourcecode.c.h; path = CacheManager.h; sourceTree = "<group>"; };
		865DD8971373981A0008EB9F /* CacheManager.m */ = {isa = PBXFileReference; fileEncoding = 4; lastKnownFileType = sourcecode.c.objc; path = CacheManager.m; sourceTree = "<group>"; };
		86628E6B136D543100C86AFB /* LongTextView.h */ = {isa = PBXFileReference; fileEncoding = 4; lastKnownFileType = sourcecode.c.h; path = LongTextView.h; sourceTree = "<group>"; };
		86628E6C136D543100C86AFB /* LongTextView.m */ = {isa = PBXFileReference; fileEncoding = 4; lastKnownFileType = sourcecode.c.objc; path = LongTextView.m; sourceTree = "<group>"; };
		86628E6D136D543100C86AFB /* LongTextView.xib */ = {isa = PBXFileReference; fileEncoding = 4; lastKnownFileType = file.xib; path = LongTextView.xib; sourceTree = "<group>"; };
		86628E71136D5C7800C86AFB /* ImageView.h */ = {isa = PBXFileReference; fileEncoding = 4; lastKnownFileType = sourcecode.c.h; path = ImageView.h; sourceTree = "<group>"; };
		86628E72136D5C7800C86AFB /* ImageView.m */ = {isa = PBXFileReference; fileEncoding = 4; lastKnownFileType = sourcecode.c.objc; path = ImageView.m; sourceTree = "<group>"; };
		86628E73136D5C7800C86AFB /* ImageView.xib */ = {isa = PBXFileReference; fileEncoding = 4; lastKnownFileType = file.xib; path = ImageView.xib; sourceTree = "<group>"; };
		866F9E0D1372D6FA006BA19C /* Reloadable.h */ = {isa = PBXFileReference; fileEncoding = 4; lastKnownFileType = sourcecode.c.h; path = Reloadable.h; sourceTree = "<group>"; };
		86B04C2D136C0B1600F8BFA1 /* GroupView.h */ = {isa = PBXFileReference; fileEncoding = 4; lastKnownFileType = sourcecode.c.h; path = GroupView.h; sourceTree = "<group>"; };
		86B04C2E136C0B1600F8BFA1 /* GroupView.m */ = {isa = PBXFileReference; fileEncoding = 4; lastKnownFileType = sourcecode.c.objc; path = GroupView.m; sourceTree = "<group>"; };
		86B04C2F136C0B1600F8BFA1 /* GroupView.xib */ = {isa = PBXFileReference; fileEncoding = 4; lastKnownFileType = file.xib; path = GroupView.xib; sourceTree = "<group>"; };
		86B04C33136C2F0F00F8BFA1 /* ViewUtil.h */ = {isa = PBXFileReference; fileEncoding = 4; lastKnownFileType = sourcecode.c.h; path = ViewUtil.h; sourceTree = "<group>"; };
		86B04C34136C2F0F00F8BFA1 /* ViewUtil.m */ = {isa = PBXFileReference; fileEncoding = 4; lastKnownFileType = sourcecode.c.objc; path = ViewUtil.m; sourceTree = "<group>"; };
		86B04C36136C41FE00F8BFA1 /* CommentView.h */ = {isa = PBXFileReference; fileEncoding = 4; lastKnownFileType = sourcecode.c.h; path = CommentView.h; sourceTree = "<group>"; };
		86B04C37136C41FF00F8BFA1 /* CommentView.m */ = {isa = PBXFileReference; fileEncoding = 4; lastKnownFileType = sourcecode.c.objc; path = CommentView.m; sourceTree = "<group>"; };
		86B04C38136C41FF00F8BFA1 /* CommentView.xib */ = {isa = PBXFileReference; fileEncoding = 4; lastKnownFileType = file.xib; path = CommentView.xib; sourceTree = "<group>"; };
		86CD2353136D3C53005AB366 /* EditView.h */ = {isa = PBXFileReference; fileEncoding = 4; lastKnownFileType = sourcecode.c.h; path = EditView.h; sourceTree = "<group>"; };
		86CD2354136D3C53005AB366 /* EditView.m */ = {isa = PBXFileReference; fileEncoding = 4; lastKnownFileType = sourcecode.c.objc; path = EditView.m; sourceTree = "<group>"; };
		86CD2355136D3C53005AB366 /* EditView.xib */ = {isa = PBXFileReference; fileEncoding = 4; lastKnownFileType = file.xib; path = EditView.xib; sourceTree = "<group>"; };
		86DA6C66137131E100DD923D /* YouRoomGateway+ConsumerKey.m */ = {isa = PBXFileReference; fileEncoding = 4; lastKnownFileType = sourcecode.c.objc; path = "YouRoomGateway+ConsumerKey.m"; sourceTree = "<group>"; };
		86DA6C691371592600DD923D /* 01-refresh.png */ = {isa = PBXFileReference; lastKnownFileType = image.png; path = "01-refresh.png"; sourceTree = "<group>"; };
		86DA6C6A1371592600DD923D /* 09-chat-2.png */ = {isa = PBXFileReference; lastKnownFileType = image.png; path = "09-chat-2.png"; sourceTree = "<group>"; };
		86DA6C6B1371592600DD923D /* 117-todo.png */ = {isa = PBXFileReference; lastKnownFileType = image.png; path = "117-todo.png"; sourceTree = "<group>"; };
		86DA6C6C1371592600DD923D /* 19-gear.png */ = {isa = PBXFileReference; lastKnownFileType = image.png; path = "19-gear.png"; sourceTree = "<group>"; };
		86DA6C6D1371592600DD923D /* myrooms.png */ = {isa = PBXFileReference; lastKnownFileType = image.png; path = myrooms.png; sourceTree = "<group>"; };
		86DA6C6E1371592600DD923D /* test.jpg */ = {isa = PBXFileReference; lastKnownFileType = image.jpeg; path = test.jpg; sourceTree = "<group>"; };
		86DA6CAB13715ACC00DD923D /* JSON.h */ = {isa = PBXFileReference; fileEncoding = 4; lastKnownFileType = sourcecode.c.h; path = JSON.h; sourceTree = "<group>"; };
		86DA6CAC13715ACC00DD923D /* NSObject+JSON.h */ = {isa = PBXFileReference; fileEncoding = 4; lastKnownFileType = sourcecode.c.h; path = "NSObject+JSON.h"; sourceTree = "<group>"; };
		86DA6CAD13715ACC00DD923D /* NSObject+JSON.m */ = {isa = PBXFileReference; fileEncoding = 4; lastKnownFileType = sourcecode.c.objc; path = "NSObject+JSON.m"; sourceTree = "<group>"; };
		86DA6CAE13715ACC00DD923D /* SBJsonIncludes.h */ = {isa = PBXFileReference; fileEncoding = 4; lastKnownFileType = sourcecode.c.h; path = SBJsonIncludes.h; sourceTree = "<group>"; };
		86DA6CAF13715ACC00DD923D /* SBJsonParser.h */ = {isa = PBXFileReference; fileEncoding = 4; lastKnownFileType = sourcecode.c.h; path = SBJsonParser.h; sourceTree = "<group>"; };
		86DA6CB013715ACC00DD923D /* SBJsonParser.m */ = {isa = PBXFileReference; fileEncoding = 4; lastKnownFileType = sourcecode.c.objc; path = SBJsonParser.m; sourceTree = "<group>"; };
		86DA6CB113715ACC00DD923D /* SBJsonStreamParser.h */ = {isa = PBXFileReference; fileEncoding = 4; lastKnownFileType = sourcecode.c.h; path = SBJsonStreamParser.h; sourceTree = "<group>"; };
		86DA6CB213715ACC00DD923D /* SBJsonStreamParser.m */ = {isa = PBXFileReference; fileEncoding = 4; lastKnownFileType = sourcecode.c.objc; path = SBJsonStreamParser.m; sourceTree = "<group>"; };
		86DA6CB313715ACC00DD923D /* SBJsonStreamParserAdapter.h */ = {isa = PBXFileReference; fileEncoding = 4; lastKnownFileType = sourcecode.c.h; path = SBJsonStreamParserAdapter.h; sourceTree = "<group>"; };
		86DA6CB413715ACC00DD923D /* SBJsonStreamParserAdapter.m */ = {isa = PBXFileReference; fileEncoding = 4; lastKnownFileType = sourcecode.c.objc; path = SBJsonStreamParserAdapter.m; sourceTree = "<group>"; };
		86DA6CB513715ACC00DD923D /* SBJsonStreamParserState.h */ = {isa = PBXFileReference; fileEncoding = 4; lastKnownFileType = sourcecode.c.h; path = SBJsonStreamParserState.h; sourceTree = "<group>"; };
		86DA6CB613715ACC00DD923D /* SBJsonStreamParserState.m */ = {isa = PBXFileReference; fileEncoding = 4; lastKnownFileType = sourcecode.c.objc; path = SBJsonStreamParserState.m; sourceTree = "<group>"; };
		86DA6CB713715ACC00DD923D /* SBJsonStreamWriter.h */ = {isa = PBXFileReference; fileEncoding = 4; lastKnownFileType = sourcecode.c.h; path = SBJsonStreamWriter.h; sourceTree = "<group>"; };
		86DA6CB813715ACC00DD923D /* SBJsonStreamWriter.m */ = {isa = PBXFileReference; fileEncoding = 4; lastKnownFileType = sourcecode.c.objc; path = SBJsonStreamWriter.m; sourceTree = "<group>"; };
		86DA6CB913715ACC00DD923D /* SBJsonStreamWriterState.h */ = {isa = PBXFileReference; fileEncoding = 4; lastKnownFileType = sourcecode.c.h; path = SBJsonStreamWriterState.h; sourceTree = "<group>"; };
		86DA6CBA13715ACC00DD923D /* SBJsonStreamWriterState.m */ = {isa = PBXFileReference; fileEncoding = 4; lastKnownFileType = sourcecode.c.objc; path = SBJsonStreamWriterState.m; sourceTree = "<group>"; };
		86DA6CBB13715ACC00DD923D /* SBJsonTokeniser.h */ = {isa = PBXFileReference; fileEncoding = 4; lastKnownFileType = sourcecode.c.h; path = SBJsonTokeniser.h; sourceTree = "<group>"; };
		86DA6CBC13715ACC00DD923D /* SBJsonTokeniser.m */ = {isa = PBXFileReference; fileEncoding = 4; lastKnownFileType = sourcecode.c.objc; path = SBJsonTokeniser.m; sourceTree = "<group>"; };
		86DA6CBD13715ACC00DD923D /* SBJsonWriter.h */ = {isa = PBXFileReference; fileEncoding = 4; lastKnownFileType = sourcecode.c.h; path = SBJsonWriter.h; sourceTree = "<group>"; };
		86DA6CBE13715ACC00DD923D /* SBJsonWriter.m */ = {isa = PBXFileReference; fileEncoding = 4; lastKnownFileType = sourcecode.c.objc; path = SBJsonWriter.m; sourceTree = "<group>"; };
		86DA6CC813715AD700DD923D /* NSData+Base64.h */ = {isa = PBXFileReference; fileEncoding = 4; lastKnownFileType = sourcecode.c.h; path = "NSData+Base64.h"; sourceTree = "<group>"; };
		86DA6CC913715AD700DD923D /* NSData+Base64.m */ = {isa = PBXFileReference; fileEncoding = 4; lastKnownFileType = sourcecode.c.objc; path = "NSData+Base64.m"; sourceTree = "<group>"; };
		86DA6CCA13715AD700DD923D /* OAuth+Additions.h */ = {isa = PBXFileReference; fileEncoding = 4; lastKnownFileType = sourcecode.c.h; path = "OAuth+Additions.h"; sourceTree = "<group>"; };
		86DA6CCB13715AD700DD923D /* OAuth+Additions.m */ = {isa = PBXFileReference; fileEncoding = 4; lastKnownFileType = sourcecode.c.objc; path = "OAuth+Additions.m"; sourceTree = "<group>"; };
		86DA6CCC13715AD700DD923D /* OAuthCore.h */ = {isa = PBXFileReference; fileEncoding = 4; lastKnownFileType = sourcecode.c.h; path = OAuthCore.h; sourceTree = "<group>"; };
		86DA6CCD13715AD700DD923D /* OAuthCore.m */ = {isa = PBXFileReference; fileEncoding = 4; lastKnownFileType = sourcecode.c.objc; path = OAuthCore.m; sourceTree = "<group>"; };
		86EE1B02136BBAAB00B94192 /* DataFactory.h */ = {isa = PBXFileReference; fileEncoding = 4; lastKnownFileType = sourcecode.c.h; path = DataFactory.h; sourceTree = "<group>"; };
		86EE1B03136BBAAB00B94192 /* DataFactory.m */ = {isa = PBXFileReference; fileEncoding = 4; lastKnownFileType = sourcecode.c.objc; path = DataFactory.m; sourceTree = "<group>"; };
		86EE1B05136BBCB100B94192 /* RoomData.h */ = {isa = PBXFileReference; fileEncoding = 4; lastKnownFileType = sourcecode.c.h; path = RoomData.h; sourceTree = "<group>"; };
		86EE1B06136BBCB200B94192 /* RoomData.m */ = {isa = PBXFileReference; fileEncoding = 4; lastKnownFileType = sourcecode.c.objc; path = RoomData.m; sourceTree = "<group>"; };
		86EE1B08136BD46700B94192 /* RoomView.h */ = {isa = PBXFileReference; fileEncoding = 4; lastKnownFileType = sourcecode.c.h; path = RoomView.h; sourceTree = "<group>"; };
		86EE1B09136BD46700B94192 /* RoomView.m */ = {isa = PBXFileReference; fileEncoding = 4; lastKnownFileType = sourcecode.c.objc; path = RoomView.m; sourceTree = "<group>"; };
		86EE1B0A136BD46700B94192 /* RoomView.xib */ = {isa = PBXFileReference; fileEncoding = 4; lastKnownFileType = file.xib; path = RoomView.xib; sourceTree = "<group>"; };
		86EE1B12136BF4DF00B94192 /* EntryData.h */ = {isa = PBXFileReference; fileEncoding = 4; lastKnownFileType = sourcecode.c.h; path = EntryData.h; sourceTree = "<group>"; };
		86EE1B13136BF4E000B94192 /* EntryData.m */ = {isa = PBXFileReference; fileEncoding = 4; lastKnownFileType = sourcecode.c.objc; path = EntryData.m; sourceTree = "<group>"; };
		86F85B84136ACEB00031F3B2 /* Castor.app */ = {isa = PBXFileReference; explicitFileType = wrapper.application; includeInIndex = 0; path = Castor.app; sourceTree = BUILT_PRODUCTS_DIR; };
		86F85B88136ACEB00031F3B2 /* UIKit.framework */ = {isa = PBXFileReference; lastKnownFileType = wrapper.framework; name = UIKit.framework; path = System/Library/Frameworks/UIKit.framework; sourceTree = SDKROOT; };
		86F85B8A136ACEB00031F3B2 /* Foundation.framework */ = {isa = PBXFileReference; lastKnownFileType = wrapper.framework; name = Foundation.framework; path = System/Library/Frameworks/Foundation.framework; sourceTree = SDKROOT; };
		86F85B8C136ACEB00031F3B2 /* CoreGraphics.framework */ = {isa = PBXFileReference; lastKnownFileType = wrapper.framework; name = CoreGraphics.framework; path = System/Library/Frameworks/CoreGraphics.framework; sourceTree = SDKROOT; };
		86F85B90136ACEB10031F3B2 /* Castor-Info.plist */ = {isa = PBXFileReference; lastKnownFileType = text.plist.xml; path = "Castor-Info.plist"; sourceTree = "<group>"; };
		86F85B92136ACEB10031F3B2 /* en */ = {isa = PBXFileReference; lastKnownFileType = text.plist.strings; name = en; path = en.lproj/InfoPlist.strings; sourceTree = "<group>"; };
		86F85B94136ACEB10031F3B2 /* Castor-Prefix.pch */ = {isa = PBXFileReference; lastKnownFileType = sourcecode.c.h; path = "Castor-Prefix.pch"; sourceTree = "<group>"; };
		86F85B95136ACEB10031F3B2 /* main.m */ = {isa = PBXFileReference; lastKnownFileType = sourcecode.c.objc; path = main.m; sourceTree = "<group>"; };
		86F85B97136ACEB10031F3B2 /* CastorAppDelegate.h */ = {isa = PBXFileReference; lastKnownFileType = sourcecode.c.h; path = CastorAppDelegate.h; sourceTree = "<group>"; };
		86F85B98136ACEB10031F3B2 /* CastorAppDelegate.m */ = {isa = PBXFileReference; lastKnownFileType = sourcecode.c.objc; path = CastorAppDelegate.m; sourceTree = "<group>"; };
		86F85B9B136ACEB10031F3B2 /* en */ = {isa = PBXFileReference; lastKnownFileType = file.xib; name = en; path = en.lproj/MainWindow.xib; sourceTree = "<group>"; };
		86F85B9D136ACEB10031F3B2 /* RootViewController.h */ = {isa = PBXFileReference; lastKnownFileType = sourcecode.c.h; path = RootViewController.h; sourceTree = "<group>"; };
		86F85B9E136ACEB10031F3B2 /* RootViewController.m */ = {isa = PBXFileReference; lastKnownFileType = sourcecode.c.objc; path = RootViewController.m; sourceTree = "<group>"; };
		86F85BA1136ACEB10031F3B2 /* en */ = {isa = PBXFileReference; lastKnownFileType = file.xib; name = en; path = en.lproj/RootViewController.xib; sourceTree = "<group>"; };
		86F85BA8136AD1110031F3B2 /* LoginView.h */ = {isa = PBXFileReference; fileEncoding = 4; lastKnownFileType = sourcecode.c.h; path = LoginView.h; sourceTree = "<group>"; };
		86F85BA9136AD1110031F3B2 /* LoginView.m */ = {isa = PBXFileReference; fileEncoding = 4; lastKnownFileType = sourcecode.c.objc; path = LoginView.m; sourceTree = "<group>"; };
		86F85BAA136AD1110031F3B2 /* LoginView.xib */ = {isa = PBXFileReference; fileEncoding = 4; lastKnownFileType = file.xib; path = LoginView.xib; sourceTree = "<group>"; };
/* End PBXFileReference section */

/* Begin PBXFrameworksBuildPhase section */
		86F85B81136ACEB00031F3B2 /* Frameworks */ = {
			isa = PBXFrameworksBuildPhase;
			buildActionMask = 2147483647;
			files = (
				865DD895137392C10008EB9F /* libsqlite3.dylib in Frameworks */,
				86F85B89136ACEB00031F3B2 /* UIKit.framework in Frameworks */,
				86F85B8B136ACEB00031F3B2 /* Foundation.framework in Frameworks */,
				86F85B8D136ACEB00031F3B2 /* CoreGraphics.framework in Frameworks */,
			);
			runOnlyForDeploymentPostprocessing = 0;
		};
/* End PBXFrameworksBuildPhase section */

/* Begin PBXGroup section */
		865DD88F1373916F0008EB9F /* Resources */ = {
			isa = PBXGroup;
			children = (
				8614C63D1374F95100AFBC39 /* database.sqlite */,
				865DD8901373916F0008EB9F /* create_table.sql */,
			);
			path = Resources;
			sourceTree = "<group>";
		};
		86DA6C681371592500DD923D /* image */ = {
			isa = PBXGroup;
			children = (
				86DA6C691371592600DD923D /* 01-refresh.png */,
				86DA6C6A1371592600DD923D /* 09-chat-2.png */,
				86DA6C6B1371592600DD923D /* 117-todo.png */,
				86DA6C6C1371592600DD923D /* 19-gear.png */,
				86DA6C6D1371592600DD923D /* myrooms.png */,
				86DA6C6E1371592600DD923D /* test.jpg */,
			);
			path = image;
			sourceTree = "<group>";
		};
		86DA6CA813715A8100DD923D /* lib */ = {
			isa = PBXGroup;
			children = (
				86DA6CA913715A8100DD923D /* json */,
				86DA6CAA13715A8100DD923D /* oAuth */,
			);
			name = lib;
			path = Castor/lib;
			sourceTree = "<group>";
		};
		86DA6CA913715A8100DD923D /* json */ = {
			isa = PBXGroup;
			children = (
				86DA6CAB13715ACC00DD923D /* JSON.h */,
				86DA6CAC13715ACC00DD923D /* NSObject+JSON.h */,
				86DA6CAD13715ACC00DD923D /* NSObject+JSON.m */,
				86DA6CAE13715ACC00DD923D /* SBJsonIncludes.h */,
				86DA6CAF13715ACC00DD923D /* SBJsonParser.h */,
				86DA6CB013715ACC00DD923D /* SBJsonParser.m */,
				86DA6CB113715ACC00DD923D /* SBJsonStreamParser.h */,
				86DA6CB213715ACC00DD923D /* SBJsonStreamParser.m */,
				86DA6CB313715ACC00DD923D /* SBJsonStreamParserAdapter.h */,
				86DA6CB413715ACC00DD923D /* SBJsonStreamParserAdapter.m */,
				86DA6CB513715ACC00DD923D /* SBJsonStreamParserState.h */,
				86DA6CB613715ACC00DD923D /* SBJsonStreamParserState.m */,
				86DA6CB713715ACC00DD923D /* SBJsonStreamWriter.h */,
				86DA6CB813715ACC00DD923D /* SBJsonStreamWriter.m */,
				86DA6CB913715ACC00DD923D /* SBJsonStreamWriterState.h */,
				86DA6CBA13715ACC00DD923D /* SBJsonStreamWriterState.m */,
				86DA6CBB13715ACC00DD923D /* SBJsonTokeniser.h */,
				86DA6CBC13715ACC00DD923D /* SBJsonTokeniser.m */,
				86DA6CBD13715ACC00DD923D /* SBJsonWriter.h */,
				86DA6CBE13715ACC00DD923D /* SBJsonWriter.m */,
			);
			path = json;
			sourceTree = "<group>";
		};
		86DA6CAA13715A8100DD923D /* oAuth */ = {
			isa = PBXGroup;
			children = (
				86DA6CC813715AD700DD923D /* NSData+Base64.h */,
				86DA6CC913715AD700DD923D /* NSData+Base64.m */,
				86DA6CCA13715AD700DD923D /* OAuth+Additions.h */,
				86DA6CCB13715AD700DD923D /* OAuth+Additions.m */,
				86DA6CCC13715AD700DD923D /* OAuthCore.h */,
				86DA6CCD13715AD700DD923D /* OAuthCore.m */,
			);
			path = oAuth;
			sourceTree = "<group>";
		};
		86F85B79136ACEB00031F3B2 = {
			isa = PBXGroup;
			children = (
				8614C63F1375335000AFBC39 /* README */,
				865DD894137392C10008EB9F /* libsqlite3.dylib */,
				86DA6CA813715A8100DD923D /* lib */,
				86F85B8E136ACEB00031F3B2 /* Castor */,
				86F85B87136ACEB00031F3B2 /* Frameworks */,
				86F85B85136ACEB00031F3B2 /* Products */,
			);
			sourceTree = "<group>";
		};
		86F85B85136ACEB00031F3B2 /* Products */ = {
			isa = PBXGroup;
			children = (
				86F85B84136ACEB00031F3B2 /* Castor.app */,
			);
			name = Products;
			sourceTree = "<group>";
		};
		86F85B87136ACEB00031F3B2 /* Frameworks */ = {
			isa = PBXGroup;
			children = (
				86F85B88136ACEB00031F3B2 /* UIKit.framework */,
				86F85B8A136ACEB00031F3B2 /* Foundation.framework */,
				86F85B8C136ACEB00031F3B2 /* CoreGraphics.framework */,
			);
			name = Frameworks;
			sourceTree = "<group>";
		};
		86F85B8E136ACEB00031F3B2 /* Castor */ = {
			isa = PBXGroup;
			children = (
				865DD88F1373916F0008EB9F /* Resources */,
				86DA6C681371592500DD923D /* image */,
				86F85B8F136ACEB00031F3B2 /* Supporting Files */,
				86F85B97136ACEB10031F3B2 /* CastorAppDelegate.h */,
				86F85B98136ACEB10031F3B2 /* CastorAppDelegate.m */,
				86F85B9A136ACEB10031F3B2 /* MainWindow.xib */,
				86F85B9D136ACEB10031F3B2 /* RootViewController.h */,
				86F85B9E136ACEB10031F3B2 /* RootViewController.m */,
				86F85BA0136ACEB10031F3B2 /* RootViewController.xib */,
				86F85BA8136AD1110031F3B2 /* LoginView.h */,
				86F85BA9136AD1110031F3B2 /* LoginView.m */,
				86F85BAA136AD1110031F3B2 /* LoginView.xib */,
				86062035137103D100E6A841 /* SettingView.h */,
				86062036137103D100E6A841 /* SettingView.m */,
				86062037137103D100E6A841 /* SettingView.xib */,
				86B04C2D136C0B1600F8BFA1 /* GroupView.h */,
				86B04C2E136C0B1600F8BFA1 /* GroupView.m */,
				86B04C2F136C0B1600F8BFA1 /* GroupView.xib */,
				86EE1B08136BD46700B94192 /* RoomView.h */,
				86EE1B09136BD46700B94192 /* RoomView.m */,
				86EE1B0A136BD46700B94192 /* RoomView.xib */,
				86B04C36136C41FE00F8BFA1 /* CommentView.h */,
				86B04C37136C41FF00F8BFA1 /* CommentView.m */,
				86B04C38136C41FF00F8BFA1 /* CommentView.xib */,
				866F9E0D1372D6FA006BA19C /* Reloadable.h */,
				86CD2353136D3C53005AB366 /* EditView.h */,
				86CD2354136D3C53005AB366 /* EditView.m */,
				86CD2355136D3C53005AB366 /* EditView.xib */,
				86628E6B136D543100C86AFB /* LongTextView.h */,
				86628E6C136D543100C86AFB /* LongTextView.m */,
				86628E6D136D543100C86AFB /* LongTextView.xib */,
				86628E71136D5C7800C86AFB /* ImageView.h */,
				86628E72136D5C7800C86AFB /* ImageView.m */,
				86628E73136D5C7800C86AFB /* ImageView.xib */,
				86B04C33136C2F0F00F8BFA1 /* ViewUtil.h */,
				86B04C34136C2F0F00F8BFA1 /* ViewUtil.m */,
				86EE1B02136BBAAB00B94192 /* DataFactory.h */,
				86EE1B03136BBAAB00B94192 /* DataFactory.m */,
				860620321370F3B300E6A841 /* YouRoomGateway.h */,
				860620331370F3B400E6A841 /* YouRoomGateway.m */,
				86DA6C66137131E100DD923D /* YouRoomGateway+ConsumerKey.m */,
				86EE1B05136BBCB100B94192 /* RoomData.h */,
				86EE1B06136BBCB200B94192 /* RoomData.m */,
				86EE1B12136BF4DF00B94192 /* EntryData.h */,
				86EE1B13136BF4E000B94192 /* EntryData.m */,
				865DD8961373981A0008EB9F /* CacheManager.h */,
				865DD8971373981A0008EB9F /* CacheManager.m */,
			);
			path = Castor;
			sourceTree = "<group>";
		};
		86F85B8F136ACEB00031F3B2 /* Supporting Files */ = {
			isa = PBXGroup;
			children = (
				86F85B90136ACEB10031F3B2 /* Castor-Info.plist */,
				86F85B91136ACEB10031F3B2 /* InfoPlist.strings */,
				86F85B94136ACEB10031F3B2 /* Castor-Prefix.pch */,
				86F85B95136ACEB10031F3B2 /* main.m */,
			);
			name = "Supporting Files";
			sourceTree = "<group>";
		};
/* End PBXGroup section */

/* Begin PBXNativeTarget section */
		86F85B83136ACEB00031F3B2 /* Castor */ = {
			isa = PBXNativeTarget;
			buildConfigurationList = 86F85BA5136ACEB10031F3B2 /* Build configuration list for PBXNativeTarget "Castor" */;
			buildPhases = (
				86F85B80136ACEB00031F3B2 /* Sources */,
				86F85B81136ACEB00031F3B2 /* Frameworks */,
				86F85B82136ACEB00031F3B2 /* Resources */,
			);
			buildRules = (
			);
			dependencies = (
			);
			name = Castor;
			productName = Castor;
			productReference = 86F85B84136ACEB00031F3B2 /* Castor.app */;
			productType = "com.apple.product-type.application";
		};
/* End PBXNativeTarget section */

/* Begin PBXProject section */
		86F85B7B136ACEB00031F3B2 /* Project object */ = {
			isa = PBXProject;
			buildConfigurationList = 86F85B7E136ACEB00031F3B2 /* Build configuration list for PBXProject "Castor" */;
			compatibilityVersion = "Xcode 3.2";
			developmentRegion = English;
			hasScannedForEncodings = 0;
			knownRegions = (
				en,
			);
			mainGroup = 86F85B79136ACEB00031F3B2;
			productRefGroup = 86F85B85136ACEB00031F3B2 /* Products */;
			projectDirPath = "";
			projectRoot = "";
			targets = (
				86F85B83136ACEB00031F3B2 /* Castor */,
			);
		};
/* End PBXProject section */

/* Begin PBXResourcesBuildPhase section */
		86F85B82136ACEB00031F3B2 /* Resources */ = {
			isa = PBXResourcesBuildPhase;
			buildActionMask = 2147483647;
			files = (
				86F85B93136ACEB10031F3B2 /* InfoPlist.strings in Resources */,
				86F85B9C136ACEB10031F3B2 /* MainWindow.xib in Resources */,
				86F85BA2136ACEB10031F3B2 /* RootViewController.xib in Resources */,
				86F85BAC136AD1110031F3B2 /* LoginView.xib in Resources */,
				86EE1B0C136BD46800B94192 /* RoomView.xib in Resources */,
				86B04C31136C0B1600F8BFA1 /* GroupView.xib in Resources */,
				86B04C3A136C41FF00F8BFA1 /* CommentView.xib in Resources */,
				86CD2357136D3C53005AB366 /* EditView.xib in Resources */,
				86628E6F136D543100C86AFB /* LongTextView.xib in Resources */,
				86628E75136D5C7800C86AFB /* ImageView.xib in Resources */,
				86062039137103D200E6A841 /* SettingView.xib in Resources */,
				86DA6C6F1371592600DD923D /* 01-refresh.png in Resources */,
				86DA6C701371592600DD923D /* 09-chat-2.png in Resources */,
				86DA6C711371592600DD923D /* 117-todo.png in Resources */,
				86DA6C721371592600DD923D /* 19-gear.png in Resources */,
				86DA6C731371592600DD923D /* myrooms.png in Resources */,
				86DA6C741371592600DD923D /* test.jpg in Resources */,
				865DD8921373916F0008EB9F /* create_table.sql in Resources */,
				8614C63E1374F95100AFBC39 /* database.sqlite in Resources */,
				8614C6401375335100AFBC39 /* README in Resources */,
			);
			runOnlyForDeploymentPostprocessing = 0;
		};
/* End PBXResourcesBuildPhase section */

/* Begin PBXSourcesBuildPhase section */
		86F85B80136ACEB00031F3B2 /* Sources */ = {
			isa = PBXSourcesBuildPhase;
			buildActionMask = 2147483647;
			files = (
				86F85B96136ACEB10031F3B2 /* main.m in Sources */,
				86F85B99136ACEB10031F3B2 /* CastorAppDelegate.m in Sources */,
				86F85B9F136ACEB10031F3B2 /* RootViewController.m in Sources */,
				86F85BAB136AD1110031F3B2 /* LoginView.m in Sources */,
				86EE1B04136BBAAB00B94192 /* DataFactory.m in Sources */,
				86EE1B07136BBCB200B94192 /* RoomData.m in Sources */,
				86EE1B0B136BD46800B94192 /* RoomView.m in Sources */,
				86EE1B14136BF4E000B94192 /* EntryData.m in Sources */,
				86B04C30136C0B1600F8BFA1 /* GroupView.m in Sources */,
				86B04C35136C2F0F00F8BFA1 /* ViewUtil.m in Sources */,
				86B04C39136C41FF00F8BFA1 /* CommentView.m in Sources */,
				86CD2356136D3C53005AB366 /* EditView.m in Sources */,
				86628E6E136D543100C86AFB /* LongTextView.m in Sources */,
				86628E74136D5C7800C86AFB /* ImageView.m in Sources */,
				860620341370F3B400E6A841 /* YouRoomGateway.m in Sources */,
				86062038137103D200E6A841 /* SettingView.m in Sources */,
				86DA6C67137131E100DD923D /* YouRoomGateway+ConsumerKey.m in Sources */,
				86DA6CBF13715ACC00DD923D /* NSObject+JSON.m in Sources */,
				86DA6CC013715ACC00DD923D /* SBJsonParser.m in Sources */,
				86DA6CC113715ACC00DD923D /* SBJsonStreamParser.m in Sources */,
				86DA6CC213715ACC00DD923D /* SBJsonStreamParserAdapter.m in Sources */,
				86DA6CC313715ACC00DD923D /* SBJsonStreamParserState.m in Sources */,
				86DA6CC413715ACC00DD923D /* SBJsonStreamWriter.m in Sources */,
				86DA6CC513715ACC00DD923D /* SBJsonStreamWriterState.m in Sources */,
				86DA6CC613715ACC00DD923D /* SBJsonTokeniser.m in Sources */,
				86DA6CC713715ACC00DD923D /* SBJsonWriter.m in Sources */,
				86DA6CCE13715AD700DD923D /* NSData+Base64.m in Sources */,
				86DA6CCF13715AD700DD923D /* OAuth+Additions.m in Sources */,
				86DA6CD013715AD700DD923D /* OAuthCore.m in Sources */,
				865DD8981373981A0008EB9F /* CacheManager.m in Sources */,
			);
			runOnlyForDeploymentPostprocessing = 0;
		};
/* End PBXSourcesBuildPhase section */

/* Begin PBXVariantGroup section */
		86F85B91136ACEB10031F3B2 /* InfoPlist.strings */ = {
			isa = PBXVariantGroup;
			children = (
				86F85B92136ACEB10031F3B2 /* en */,
			);
			name = InfoPlist.strings;
			sourceTree = "<group>";
		};
		86F85B9A136ACEB10031F3B2 /* MainWindow.xib */ = {
			isa = PBXVariantGroup;
			children = (
				86F85B9B136ACEB10031F3B2 /* en */,
			);
			name = MainWindow.xib;
			sourceTree = "<group>";
		};
		86F85BA0136ACEB10031F3B2 /* RootViewController.xib */ = {
			isa = PBXVariantGroup;
			children = (
				86F85BA1136ACEB10031F3B2 /* en */,
			);
			name = RootViewController.xib;
			sourceTree = "<group>";
		};
/* End PBXVariantGroup section */

/* Begin XCBuildConfiguration section */
		86F85BA3136ACEB10031F3B2 /* Debug */ = {
			isa = XCBuildConfiguration;
			buildSettings = {
				ARCHS = "$(ARCHS_STANDARD_32_BIT)";
				CODE_SIGN_IDENTITY = "iPhone Developer";
				"CODE_SIGN_IDENTITY[sdk=iphoneos*]" = "iPhone Distribution";
				GCC_C_LANGUAGE_STANDARD = gnu99;
				GCC_OPTIMIZATION_LEVEL = 0;
				GCC_PREPROCESSOR_DEFINITIONS = DEBUG;
				GCC_SYMBOLS_PRIVATE_EXTERN = NO;
				GCC_VERSION = com.apple.compilers.llvmgcc42;
				GCC_WARN_ABOUT_RETURN_TYPE = YES;
				GCC_WARN_UNUSED_VARIABLE = YES;
				IPHONEOS_DEPLOYMENT_TARGET = 4.1;
				PROVISIONING_PROFILE = "";
				"PROVISIONING_PROFILE[sdk=iphoneos*]" = "";
				SDKROOT = iphoneos;
			};
			name = Debug;
		};
		86F85BA4136ACEB10031F3B2 /* Release */ = {
			isa = XCBuildConfiguration;
			buildSettings = {
				ARCHS = "$(ARCHS_STANDARD_32_BIT)";
				CODE_SIGN_IDENTITY = "iPhone Developer";
				"CODE_SIGN_IDENTITY[sdk=iphoneos*]" = "iPhone Distribution";
				GCC_C_LANGUAGE_STANDARD = gnu99;
				GCC_VERSION = com.apple.compilers.llvmgcc42;
				GCC_WARN_ABOUT_RETURN_TYPE = YES;
				GCC_WARN_UNUSED_VARIABLE = YES;
				IPHONEOS_DEPLOYMENT_TARGET = 4.1;
				OTHER_CFLAGS = "-DNS_BLOCK_ASSERTIONS=1";
				PROVISIONING_PROFILE = "";
				"PROVISIONING_PROFILE[sdk=iphoneos*]" = "";
				SDKROOT = iphoneos;
			};
			name = Release;
		};
		86F85BA6136ACEB10031F3B2 /* Debug */ = {
			isa = XCBuildConfiguration;
			buildSettings = {
				ALWAYS_SEARCH_USER_PATHS = NO;
				COPY_PHASE_STRIP = YES;
				GCC_DYNAMIC_NO_PIC = NO;
				GCC_PRECOMPILE_PREFIX_HEADER = YES;
				GCC_PREFIX_HEADER = "Castor/Castor-Prefix.pch";
				INFOPLIST_FILE = "Castor/Castor-Info.plist";
				IPHONEOS_DEPLOYMENT_TARGET = 4.1;
				PRODUCT_NAME = "$(TARGET_NAME)";
				VALIDATE_PRODUCT = YES;
				WRAPPER_EXTENSION = app;
			};
			name = Debug;
		};
		86F85BA7136ACEB10031F3B2 /* Release */ = {
			isa = XCBuildConfiguration;
			buildSettings = {
				ALWAYS_SEARCH_USER_PATHS = NO;
				COPY_PHASE_STRIP = YES;
				GCC_PRECOMPILE_PREFIX_HEADER = YES;
				GCC_PREFIX_HEADER = "Castor/Castor-Prefix.pch";
				INFOPLIST_FILE = "Castor/Castor-Info.plist";
				IPHONEOS_DEPLOYMENT_TARGET = 4.1;
				PRODUCT_NAME = "$(TARGET_NAME)";
				VALIDATE_PRODUCT = YES;
				WRAPPER_EXTENSION = app;
			};
			name = Release;
		};
/* End XCBuildConfiguration section */

/* Begin XCConfigurationList section */
		86F85B7E136ACEB00031F3B2 /* Build configuration list for PBXProject "Castor" */ = {
			isa = XCConfigurationList;
			buildConfigurations = (
				86F85BA3136ACEB10031F3B2 /* Debug */,
				86F85BA4136ACEB10031F3B2 /* Release */,
			);
			defaultConfigurationIsVisible = 0;
			defaultConfigurationName = Release;
		};
		86F85BA5136ACEB10031F3B2 /* Build configuration list for PBXNativeTarget "Castor" */ = {
			isa = XCConfigurationList;
			buildConfigurations = (
				86F85BA6136ACEB10031F3B2 /* Debug */,
				86F85BA7136ACEB10031F3B2 /* Release */,
			);
			defaultConfigurationIsVisible = 0;
			defaultConfigurationName = Release;
		};
/* End XCConfigurationList section */
	};
	rootObject = 86F85B7B136ACEB00031F3B2 /* Project object */;
}
